// !$*UTF8*$!
{
	archiveVersion = 1;
	classes = {
	};
	objectVersion = 50;
	objects = {

/* Begin PBXBuildFile section */
		CEA5C96625B932690066FF97 /* WidgetKit.framework in Frameworks */ = {isa = PBXBuildFile; fileRef = CEE04B9425B516490049C977 /* WidgetKit.framework */; };
		CEA5C96725B932690066FF97 /* SwiftUI.framework in Frameworks */ = {isa = PBXBuildFile; fileRef = CEE04B9625B516490049C977 /* SwiftUI.framework */; };
		CEA5C96A25B932690066FF97 /* MyWidgets.swift in Sources */ = {isa = PBXBuildFile; fileRef = CEA5C96925B932690066FF97 /* MyWidgets.swift */; };
		CEA5C96C25B9326A0066FF97 /* Assets.xcassets in Resources */ = {isa = PBXBuildFile; fileRef = CEA5C96B25B9326A0066FF97 /* Assets.xcassets */; };
		CEA5C97025B9326A0066FF97 /* MyWidgetsExtension.appex in Embed App Extensions */ = {isa = PBXBuildFile; fileRef = CEA5C96525B932690066FF97 /* MyWidgetsExtension.appex */; settings = {ATTRIBUTES = (RemoveHeadersOnCopy, ); }; };
		CEA5C98425B9332B0066FF97 /* EmojiWidget.swift in Sources */ = {isa = PBXBuildFile; fileRef = CEE04CBE25B5862E0049C977 /* EmojiWidget.swift */; };
		CEA5C98B25B9333A0066FF97 /* CustomEmojiWidget.swift in Sources */ = {isa = PBXBuildFile; fileRef = CEF8E9DB25B6808500628205 /* CustomEmojiWidget.swift */; };
		CEA5C99225B933880066FF97 /* MyWidgetBundle.swift in Sources */ = {isa = PBXBuildFile; fileRef = CEA5C97A25B932A60066FF97 /* MyWidgetBundle.swift */; };
		CEA5C9A525B933FE0066FF97 /* EmojiDetails.swift in Sources */ = {isa = PBXBuildFile; fileRef = CEE04CAA25B581D00049C977 /* EmojiDetails.swift */; };
		CEA5C9A925B934010066FF97 /* EmojiProvider.swift in Sources */ = {isa = PBXBuildFile; fileRef = CEE04CB025B5831E0049C977 /* EmojiProvider.swift */; };
		CEA5C9AD25B934280066FF97 /* EmojiWidgetView.swift in Sources */ = {isa = PBXBuildFile; fileRef = CEE04CDA25B586A60049C977 /* EmojiWidgetView.swift */; };
		CEA5C9B125B9342A0066FF97 /* SmallEmojiWidgetView.swift in Sources */ = {isa = PBXBuildFile; fileRef = CEF8E8E325B668EF00628205 /* SmallEmojiWidgetView.swift */; };
		CEA5C9B525B9342D0066FF97 /* MediumEmojiWidgetView.swift in Sources */ = {isa = PBXBuildFile; fileRef = CEF8E8D325B6675E00628205 /* MediumEmojiWidgetView.swift */; };
		CEA5C9B925B9342F0066FF97 /* LargeEmojiWidgetView.swift in Sources */ = {isa = PBXBuildFile; fileRef = CEF8E8DB25B6677500628205 /* LargeEmojiWidgetView.swift */; };
		CEA5C9BD25B934320066FF97 /* EmojiWidgetPlaceholderView.swift in Sources */ = {isa = PBXBuildFile; fileRef = CEF8E9A325B67DC400628205 /* EmojiWidgetPlaceholderView.swift */; };
		CEA5C9CC25B934580066FF97 /* SelectEmojiIntent.intentdefinition in Sources */ = {isa = PBXBuildFile; fileRef = CEF8E8F125B670CF00628205 /* SelectEmojiIntent.intentdefinition */; };
		CEC2768C25B50BAF006B6CA3 /* WidgetSampleApp.swift in Sources */ = {isa = PBXBuildFile; fileRef = CEC2768B25B50BAF006B6CA3 /* WidgetSampleApp.swift */; };
		CEC2768E25B50BAF006B6CA3 /* ContentView.swift in Sources */ = {isa = PBXBuildFile; fileRef = CEC2768D25B50BAF006B6CA3 /* ContentView.swift */; };
		CEC2769025B50BB0006B6CA3 /* Assets.xcassets in Resources */ = {isa = PBXBuildFile; fileRef = CEC2768F25B50BB0006B6CA3 /* Assets.xcassets */; };
		CEC2769325B50BB0006B6CA3 /* Preview Assets.xcassets in Resources */ = {isa = PBXBuildFile; fileRef = CEC2769225B50BB0006B6CA3 /* Preview Assets.xcassets */; };
		CEE04CAB25B581D00049C977 /* EmojiDetails.swift in Sources */ = {isa = PBXBuildFile; fileRef = CEE04CAA25B581D00049C977 /* EmojiDetails.swift */; };
		CEE04CB125B5831E0049C977 /* EmojiProvider.swift in Sources */ = {isa = PBXBuildFile; fileRef = CEE04CB025B5831E0049C977 /* EmojiProvider.swift */; };
		CEE04CDB25B586A60049C977 /* EmojiWidgetView.swift in Sources */ = {isa = PBXBuildFile; fileRef = CEE04CDA25B586A60049C977 /* EmojiWidgetView.swift */; };
		CEF8E8D425B6675E00628205 /* MediumEmojiWidgetView.swift in Sources */ = {isa = PBXBuildFile; fileRef = CEF8E8D325B6675E00628205 /* MediumEmojiWidgetView.swift */; };
		CEF8E8DC25B6677500628205 /* LargeEmojiWidgetView.swift in Sources */ = {isa = PBXBuildFile; fileRef = CEF8E8DB25B6677500628205 /* LargeEmojiWidgetView.swift */; };
		CEF8E8E425B668EF00628205 /* SmallEmojiWidgetView.swift in Sources */ = {isa = PBXBuildFile; fileRef = CEF8E8E325B668EF00628205 /* SmallEmojiWidgetView.swift */; };
		CEF8E8F225B670CF00628205 /* SelectEmojiIntent.intentdefinition in Sources */ = {isa = PBXBuildFile; fileRef = CEF8E8F125B670CF00628205 /* SelectEmojiIntent.intentdefinition */; };
		CEF8E94525B672B200628205 /* IntentHandler.swift in Sources */ = {isa = PBXBuildFile; fileRef = CEF8E94425B672B200628205 /* IntentHandler.swift */; };
		CEF8E94925B672B200628205 /* EmojiBook Intent.appex in Embed App Extensions */ = {isa = PBXBuildFile; fileRef = CEF8E94225B672B100628205 /* EmojiBook Intent.appex */; settings = {ATTRIBUTES = (RemoveHeadersOnCopy, ); }; };
		CEF8E95925B672EB00628205 /* SelectEmojiIntent.intentdefinition in Sources */ = {isa = PBXBuildFile; fileRef = CEF8E8F125B670CF00628205 /* SelectEmojiIntent.intentdefinition */; };
		CEF8E96025B674B100628205 /* IntentHandler.swift in Sources */ = {isa = PBXBuildFile; fileRef = CEF8E94425B672B200628205 /* IntentHandler.swift */; };
		CEF8E97525B6764300628205 /* EmojiProvider.swift in Sources */ = {isa = PBXBuildFile; fileRef = CEE04CB025B5831E0049C977 /* EmojiProvider.swift */; };
		CEF8E97A25B6764800628205 /* EmojiDetails.swift in Sources */ = {isa = PBXBuildFile; fileRef = CEE04CAA25B581D00049C977 /* EmojiDetails.swift */; };
		CEF8E9A425B67DC400628205 /* EmojiWidgetPlaceholderView.swift in Sources */ = {isa = PBXBuildFile; fileRef = CEF8E9A325B67DC400628205 /* EmojiWidgetPlaceholderView.swift */; };
/* End PBXBuildFile section */

/* Begin PBXContainerItemProxy section */
		CEA5C96E25B9326A0066FF97 /* PBXContainerItemProxy */ = {
			isa = PBXContainerItemProxy;
			containerPortal = CEC2768025B50BAF006B6CA3 /* Project object */;
			proxyType = 1;
			remoteGlobalIDString = CEA5C96425B932690066FF97;
			remoteInfo = MyWidgetsExtension;
		};
		CEF8E94725B672B200628205 /* PBXContainerItemProxy */ = {
			isa = PBXContainerItemProxy;
			containerPortal = CEC2768025B50BAF006B6CA3 /* Project object */;
			proxyType = 1;
			remoteGlobalIDString = CEF8E94125B672B100628205;
			remoteInfo = "EmojiBook Intent";
		};
/* End PBXContainerItemProxy section */

/* Begin PBXCopyFilesBuildPhase section */
		CEE04BA125B5164B0049C977 /* Embed App Extensions */ = {
			isa = PBXCopyFilesBuildPhase;
			buildActionMask = 2147483647;
			dstPath = "";
			dstSubfolderSpec = 13;
			files = (
				CEA5C97025B9326A0066FF97 /* MyWidgetsExtension.appex in Embed App Extensions */,
				CEF8E94925B672B200628205 /* EmojiBook Intent.appex in Embed App Extensions */,
			);
			name = "Embed App Extensions";
			runOnlyForDeploymentPostprocessing = 0;
		};
/* End PBXCopyFilesBuildPhase section */

/* Begin PBXFileReference section */
		CEA5C96525B932690066FF97 /* MyWidgetsExtension.appex */ = {isa = PBXFileReference; explicitFileType = "wrapper.app-extension"; includeInIndex = 0; path = MyWidgetsExtension.appex; sourceTree = BUILT_PRODUCTS_DIR; };
		CEA5C96925B932690066FF97 /* MyWidgets.swift */ = {isa = PBXFileReference; lastKnownFileType = sourcecode.swift; path = MyWidgets.swift; sourceTree = "<group>"; };
		CEA5C96B25B9326A0066FF97 /* Assets.xcassets */ = {isa = PBXFileReference; lastKnownFileType = folder.assetcatalog; path = Assets.xcassets; sourceTree = "<group>"; };
		CEA5C96D25B9326A0066FF97 /* Info.plist */ = {isa = PBXFileReference; lastKnownFileType = text.plist.xml; path = Info.plist; sourceTree = "<group>"; };
		CEA5C97A25B932A60066FF97 /* MyWidgetBundle.swift */ = {isa = PBXFileReference; lastKnownFileType = sourcecode.swift; path = MyWidgetBundle.swift; sourceTree = "<group>"; };
		CEC2768825B50BAF006B6CA3 /* WidgetSample.app */ = {isa = PBXFileReference; explicitFileType = wrapper.application; includeInIndex = 0; path = WidgetSample.app; sourceTree = BUILT_PRODUCTS_DIR; };
		CEC2768B25B50BAF006B6CA3 /* WidgetSampleApp.swift */ = {isa = PBXFileReference; lastKnownFileType = sourcecode.swift; path = WidgetSampleApp.swift; sourceTree = "<group>"; };
		CEC2768D25B50BAF006B6CA3 /* ContentView.swift */ = {isa = PBXFileReference; lastKnownFileType = sourcecode.swift; path = ContentView.swift; sourceTree = "<group>"; };
		CEC2768F25B50BB0006B6CA3 /* Assets.xcassets */ = {isa = PBXFileReference; lastKnownFileType = folder.assetcatalog; path = Assets.xcassets; sourceTree = "<group>"; };
		CEC2769225B50BB0006B6CA3 /* Preview Assets.xcassets */ = {isa = PBXFileReference; lastKnownFileType = folder.assetcatalog; path = "Preview Assets.xcassets"; sourceTree = "<group>"; };
		CEC2769425B50BB0006B6CA3 /* Info.plist */ = {isa = PBXFileReference; lastKnownFileType = text.plist.xml; path = Info.plist; sourceTree = "<group>"; };
		CEE04B9425B516490049C977 /* WidgetKit.framework */ = {isa = PBXFileReference; lastKnownFileType = wrapper.framework; name = WidgetKit.framework; path = System/Library/Frameworks/WidgetKit.framework; sourceTree = SDKROOT; };
		CEE04B9625B516490049C977 /* SwiftUI.framework */ = {isa = PBXFileReference; lastKnownFileType = wrapper.framework; name = SwiftUI.framework; path = System/Library/Frameworks/SwiftUI.framework; sourceTree = SDKROOT; };
		CEE04CAA25B581D00049C977 /* EmojiDetails.swift */ = {isa = PBXFileReference; lastKnownFileType = sourcecode.swift; path = EmojiDetails.swift; sourceTree = "<group>"; };
		CEE04CB025B5831E0049C977 /* EmojiProvider.swift */ = {isa = PBXFileReference; lastKnownFileType = sourcecode.swift; path = EmojiProvider.swift; sourceTree = "<group>"; };
		CEE04CBE25B5862E0049C977 /* EmojiWidget.swift */ = {isa = PBXFileReference; lastKnownFileType = sourcecode.swift; path = EmojiWidget.swift; sourceTree = "<group>"; };
		CEE04CDA25B586A60049C977 /* EmojiWidgetView.swift */ = {isa = PBXFileReference; lastKnownFileType = sourcecode.swift; path = EmojiWidgetView.swift; sourceTree = "<group>"; };
		CEF8E8D325B6675E00628205 /* MediumEmojiWidgetView.swift */ = {isa = PBXFileReference; lastKnownFileType = sourcecode.swift; path = MediumEmojiWidgetView.swift; sourceTree = "<group>"; };
		CEF8E8DB25B6677500628205 /* LargeEmojiWidgetView.swift */ = {isa = PBXFileReference; lastKnownFileType = sourcecode.swift; path = LargeEmojiWidgetView.swift; sourceTree = "<group>"; };
		CEF8E8E325B668EF00628205 /* SmallEmojiWidgetView.swift */ = {isa = PBXFileReference; lastKnownFileType = sourcecode.swift; path = SmallEmojiWidgetView.swift; sourceTree = "<group>"; };
		CEF8E8F125B670CF00628205 /* SelectEmojiIntent.intentdefinition */ = {isa = PBXFileReference; lastKnownFileType = file.intentdefinition; path = SelectEmojiIntent.intentdefinition; sourceTree = "<group>"; };
		CEF8E91625B6727600628205 /* IntentsUI.framework */ = {isa = PBXFileReference; lastKnownFileType = wrapper.framework; name = IntentsUI.framework; path = System/Library/Frameworks/IntentsUI.framework; sourceTree = SDKROOT; };
		CEF8E94225B672B100628205 /* EmojiBook Intent.appex */ = {isa = PBXFileReference; explicitFileType = "wrapper.app-extension"; includeInIndex = 0; path = "EmojiBook Intent.appex"; sourceTree = BUILT_PRODUCTS_DIR; };
		CEF8E94425B672B200628205 /* IntentHandler.swift */ = {isa = PBXFileReference; lastKnownFileType = sourcecode.swift; path = IntentHandler.swift; sourceTree = "<group>"; };
		CEF8E94625B672B200628205 /* Info.plist */ = {isa = PBXFileReference; lastKnownFileType = text.plist.xml; path = Info.plist; sourceTree = "<group>"; };
		CEF8E9A325B67DC400628205 /* EmojiWidgetPlaceholderView.swift */ = {isa = PBXFileReference; lastKnownFileType = sourcecode.swift; path = EmojiWidgetPlaceholderView.swift; sourceTree = "<group>"; };
		CEF8E9DB25B6808500628205 /* CustomEmojiWidget.swift */ = {isa = PBXFileReference; lastKnownFileType = sourcecode.swift; path = CustomEmojiWidget.swift; sourceTree = "<group>"; };
/* End PBXFileReference section */

/* Begin PBXFrameworksBuildPhase section */
		CEA5C96225B932690066FF97 /* Frameworks */ = {
			isa = PBXFrameworksBuildPhase;
			buildActionMask = 2147483647;
			files = (
				CEA5C96725B932690066FF97 /* SwiftUI.framework in Frameworks */,
				CEA5C96625B932690066FF97 /* WidgetKit.framework in Frameworks */,
			);
			runOnlyForDeploymentPostprocessing = 0;
		};
		CEC2768525B50BAF006B6CA3 /* Frameworks */ = {
			isa = PBXFrameworksBuildPhase;
			buildActionMask = 2147483647;
			files = (
			);
			runOnlyForDeploymentPostprocessing = 0;
		};
		CEF8E93F25B672B100628205 /* Frameworks */ = {
			isa = PBXFrameworksBuildPhase;
			buildActionMask = 2147483647;
			files = (
			);
			runOnlyForDeploymentPostprocessing = 0;
		};
/* End PBXFrameworksBuildPhase section */

/* Begin PBXGroup section */
		CEA5C96825B932690066FF97 /* MyWidgets */ = {
			isa = PBXGroup;
			children = (
				CEA5C97A25B932A60066FF97 /* MyWidgetBundle.swift */,
				CEA5C98225B932B40066FF97 /* Widgets */,
				CEA5C98325B933010066FF97 /* Views */,
				CEA5C96B25B9326A0066FF97 /* Assets.xcassets */,
				CEA5C96D25B9326A0066FF97 /* Info.plist */,
			);
			path = MyWidgets;
			sourceTree = "<group>";
		};
		CEA5C98225B932B40066FF97 /* Widgets */ = {
			isa = PBXGroup;
			children = (
				CEA5C96925B932690066FF97 /* MyWidgets.swift */,
				CEE04CBE25B5862E0049C977 /* EmojiWidget.swift */,
				CEF8E9DB25B6808500628205 /* CustomEmojiWidget.swift */,
			);
			path = Widgets;
			sourceTree = "<group>";
		};
		CEA5C98325B933010066FF97 /* Views */ = {
			isa = PBXGroup;
			children = (
				CEE04CDA25B586A60049C977 /* EmojiWidgetView.swift */,
				CEF8E8E325B668EF00628205 /* SmallEmojiWidgetView.swift */,
				CEF8E8D325B6675E00628205 /* MediumEmojiWidgetView.swift */,
				CEF8E8DB25B6677500628205 /* LargeEmojiWidgetView.swift */,
				CEF8E9A325B67DC400628205 /* EmojiWidgetPlaceholderView.swift */,
			);
			path = Views;
			sourceTree = "<group>";
		};
		CEC2767F25B50BAF006B6CA3 = {
			isa = PBXGroup;
			children = (
				CEC2768A25B50BAF006B6CA3 /* WidgetSample */,
				CEF8E94325B672B200628205 /* EmojiBook Intent */,
				CEA5C96825B932690066FF97 /* MyWidgets */,
				CEE04B9325B516490049C977 /* Frameworks */,
				CEC2768925B50BAF006B6CA3 /* Products */,
			);
			sourceTree = "<group>";
		};
		CEC2768925B50BAF006B6CA3 /* Products */ = {
			isa = PBXGroup;
			children = (
				CEC2768825B50BAF006B6CA3 /* WidgetSample.app */,
				CEF8E94225B672B100628205 /* EmojiBook Intent.appex */,
				CEA5C96525B932690066FF97 /* MyWidgetsExtension.appex */,
			);
			name = Products;
			sourceTree = "<group>";
		};
		CEC2768A25B50BAF006B6CA3 /* WidgetSample */ = {
			isa = PBXGroup;
			children = (
				CEF8E8F025B670A900628205 /* Intent */,
				CEE04CA925B581B50049C977 /* Model */,
				CEC2768B25B50BAF006B6CA3 /* WidgetSampleApp.swift */,
				CEC2768D25B50BAF006B6CA3 /* ContentView.swift */,
				CEC2768F25B50BB0006B6CA3 /* Assets.xcassets */,
				CEC2769425B50BB0006B6CA3 /* Info.plist */,
				CEC2769125B50BB0006B6CA3 /* Preview Content */,
			);
			path = WidgetSample;
			sourceTree = "<group>";
		};
		CEC2769125B50BB0006B6CA3 /* Preview Content */ = {
			isa = PBXGroup;
			children = (
				CEC2769225B50BB0006B6CA3 /* Preview Assets.xcassets */,
			);
			path = "Preview Content";
			sourceTree = "<group>";
		};
		CEE04B9325B516490049C977 /* Frameworks */ = {
			isa = PBXGroup;
			children = (
				CEE04B9425B516490049C977 /* WidgetKit.framework */,
				CEE04B9625B516490049C977 /* SwiftUI.framework */,
				CEF8E91625B6727600628205 /* IntentsUI.framework */,
			);
			name = Frameworks;
			sourceTree = "<group>";
		};
		CEE04CA925B581B50049C977 /* Model */ = {
			isa = PBXGroup;
			children = (
				CEE04CAA25B581D00049C977 /* EmojiDetails.swift */,
				CEE04CB025B5831E0049C977 /* EmojiProvider.swift */,
			);
			path = Model;
			sourceTree = "<group>";
		};
		CEF8E8F025B670A900628205 /* Intent */ = {
			isa = PBXGroup;
			children = (
				CEF8E8F125B670CF00628205 /* SelectEmojiIntent.intentdefinition */,
			);
			path = Intent;
			sourceTree = "<group>";
		};
		CEF8E94325B672B200628205 /* EmojiBook Intent */ = {
			isa = PBXGroup;
			children = (
				CEF8E94425B672B200628205 /* IntentHandler.swift */,
				CEF8E94625B672B200628205 /* Info.plist */,
			);
			path = "EmojiBook Intent";
			sourceTree = "<group>";
		};
/* End PBXGroup section */

/* Begin PBXNativeTarget section */
		CEA5C96425B932690066FF97 /* MyWidgetsExtension */ = {
			isa = PBXNativeTarget;
			buildConfigurationList = CEA5C97325B9326A0066FF97 /* Build configuration list for PBXNativeTarget "MyWidgetsExtension" */;
			buildPhases = (
				CEA5C96125B932690066FF97 /* Sources */,
				CEA5C96225B932690066FF97 /* Frameworks */,
				CEA5C96325B932690066FF97 /* Resources */,
			);
			buildRules = (
			);
			dependencies = (
			);
			name = MyWidgetsExtension;
			productName = MyWidgetsExtension;
			productReference = CEA5C96525B932690066FF97 /* MyWidgetsExtension.appex */;
			productType = "com.apple.product-type.app-extension";
		};
		CEC2768725B50BAF006B6CA3 /* WidgetSample */ = {
			isa = PBXNativeTarget;
			buildConfigurationList = CEC276AD25B50BB0006B6CA3 /* Build configuration list for PBXNativeTarget "WidgetSample" */;
			buildPhases = (
				CEC2768425B50BAF006B6CA3 /* Sources */,
				CEC2768525B50BAF006B6CA3 /* Frameworks */,
				CEC2768625B50BAF006B6CA3 /* Resources */,
				CEE04BA125B5164B0049C977 /* Embed App Extensions */,
			);
			buildRules = (
			);
			dependencies = (
				CEF8E94825B672B200628205 /* PBXTargetDependency */,
				CEA5C96F25B9326A0066FF97 /* PBXTargetDependency */,
			);
			name = WidgetSample;
			productName = WidgetSample;
			productReference = CEC2768825B50BAF006B6CA3 /* WidgetSample.app */;
			productType = "com.apple.product-type.application";
		};
		CEF8E94125B672B100628205 /* EmojiBook Intent */ = {
			isa = PBXNativeTarget;
			buildConfigurationList = CEF8E94A25B672B200628205 /* Build configuration list for PBXNativeTarget "EmojiBook Intent" */;
			buildPhases = (
				CEF8E93E25B672B100628205 /* Sources */,
				CEF8E93F25B672B100628205 /* Frameworks */,
				CEF8E94025B672B100628205 /* Resources */,
			);
			buildRules = (
			);
			dependencies = (
			);
			name = "EmojiBook Intent";
			productName = "EmojiBook Intent";
			productReference = CEF8E94225B672B100628205 /* EmojiBook Intent.appex */;
			productType = "com.apple.product-type.app-extension";
		};
/* End PBXNativeTarget section */

/* Begin PBXProject section */
		CEC2768025B50BAF006B6CA3 /* Project object */ = {
			isa = PBXProject;
			attributes = {
				LastSwiftUpdateCheck = 1220;
				LastUpgradeCheck = 1220;
				TargetAttributes = {
					CEA5C96425B932690066FF97 = {
						CreatedOnToolsVersion = 12.2;
					};
					CEC2768725B50BAF006B6CA3 = {
						CreatedOnToolsVersion = 12.2;
					};
					CEF8E94125B672B100628205 = {
						CreatedOnToolsVersion = 12.2;
					};
				};
			};
			buildConfigurationList = CEC2768325B50BAF006B6CA3 /* Build configuration list for PBXProject "WidgetSample" */;
			compatibilityVersion = "Xcode 9.3";
			developmentRegion = en;
			hasScannedForEncodings = 0;
			knownRegions = (
				en,
				Base,
			);
			mainGroup = CEC2767F25B50BAF006B6CA3;
			productRefGroup = CEC2768925B50BAF006B6CA3 /* Products */;
			projectDirPath = "";
			projectRoot = "";
			targets = (
				CEC2768725B50BAF006B6CA3 /* WidgetSample */,
				CEF8E94125B672B100628205 /* EmojiBook Intent */,
				CEA5C96425B932690066FF97 /* MyWidgetsExtension */,
			);
		};
/* End PBXProject section */

/* Begin PBXResourcesBuildPhase section */
		CEA5C96325B932690066FF97 /* Resources */ = {
			isa = PBXResourcesBuildPhase;
			buildActionMask = 2147483647;
			files = (
				CEA5C96C25B9326A0066FF97 /* Assets.xcassets in Resources */,
			);
			runOnlyForDeploymentPostprocessing = 0;
		};
		CEC2768625B50BAF006B6CA3 /* Resources */ = {
			isa = PBXResourcesBuildPhase;
			buildActionMask = 2147483647;
			files = (
				CEC2769325B50BB0006B6CA3 /* Preview Assets.xcassets in Resources */,
				CEC2769025B50BB0006B6CA3 /* Assets.xcassets in Resources */,
			);
			runOnlyForDeploymentPostprocessing = 0;
		};
		CEF8E94025B672B100628205 /* Resources */ = {
			isa = PBXResourcesBuildPhase;
			buildActionMask = 2147483647;
			files = (
			);
			runOnlyForDeploymentPostprocessing = 0;
		};
/* End PBXResourcesBuildPhase section */

/* Begin PBXSourcesBuildPhase section */
		CEA5C96125B932690066FF97 /* Sources */ = {
			isa = PBXSourcesBuildPhase;
			buildActionMask = 2147483647;
			files = (
				CEA5C98425B9332B0066FF97 /* EmojiWidget.swift in Sources */,
				CEA5C9B925B9342F0066FF97 /* LargeEmojiWidgetView.swift in Sources */,
				CEA5C9B125B9342A0066FF97 /* SmallEmojiWidgetView.swift in Sources */,
				CEA5C9AD25B934280066FF97 /* EmojiWidgetView.swift in Sources */,
				CEA5C9BD25B934320066FF97 /* EmojiWidgetPlaceholderView.swift in Sources */,
				CEA5C9B525B9342D0066FF97 /* MediumEmojiWidgetView.swift in Sources */,
				CEA5C96A25B932690066FF97 /* MyWidgets.swift in Sources */,
				CEA5C98B25B9333A0066FF97 /* CustomEmojiWidget.swift in Sources */,
				CEA5C99225B933880066FF97 /* MyWidgetBundle.swift in Sources */,
				CEA5C9CC25B934580066FF97 /* SelectEmojiIntent.intentdefinition in Sources */,
				CEA5C9A525B933FE0066FF97 /* EmojiDetails.swift in Sources */,
				CEA5C9A925B934010066FF97 /* EmojiProvider.swift in Sources */,
			);
			runOnlyForDeploymentPostprocessing = 0;
		};
		CEC2768425B50BAF006B6CA3 /* Sources */ = {
			isa = PBXSourcesBuildPhase;
			buildActionMask = 2147483647;
			files = (
				CEF8E8D425B6675E00628205 /* MediumEmojiWidgetView.swift in Sources */,
				CEF8E8E425B668EF00628205 /* SmallEmojiWidgetView.swift in Sources */,
				CEF8E8F225B670CF00628205 /* SelectEmojiIntent.intentdefinition in Sources */,
				CEF8E8DC25B6677500628205 /* LargeEmojiWidgetView.swift in Sources */,
				CEF8E9A425B67DC400628205 /* EmojiWidgetPlaceholderView.swift in Sources */,
				CEC2768E25B50BAF006B6CA3 /* ContentView.swift in Sources */,
				CEE04CB125B5831E0049C977 /* EmojiProvider.swift in Sources */,
				CEF8E96025B674B100628205 /* IntentHandler.swift in Sources */,
				CEE04CDB25B586A60049C977 /* EmojiWidgetView.swift in Sources */,
				CEC2768C25B50BAF006B6CA3 /* WidgetSampleApp.swift in Sources */,
				CEE04CAB25B581D00049C977 /* EmojiDetails.swift in Sources */,
			);
			runOnlyForDeploymentPostprocessing = 0;
		};
		CEF8E93E25B672B100628205 /* Sources */ = {
			isa = PBXSourcesBuildPhase;
			buildActionMask = 2147483647;
			files = (
				CEF8E94525B672B200628205 /* IntentHandler.swift in Sources */,
				CEF8E95925B672EB00628205 /* SelectEmojiIntent.intentdefinition in Sources */,
				CEF8E97525B6764300628205 /* EmojiProvider.swift in Sources */,
				CEF8E97A25B6764800628205 /* EmojiDetails.swift in Sources */,
			);
			runOnlyForDeploymentPostprocessing = 0;
		};
/* End PBXSourcesBuildPhase section */

/* Begin PBXTargetDependency section */
		CEA5C96F25B9326A0066FF97 /* PBXTargetDependency */ = {
			isa = PBXTargetDependency;
			target = CEA5C96425B932690066FF97 /* MyWidgetsExtension */;
			targetProxy = CEA5C96E25B9326A0066FF97 /* PBXContainerItemProxy */;
		};
		CEF8E94825B672B200628205 /* PBXTargetDependency */ = {
			isa = PBXTargetDependency;
			target = CEF8E94125B672B100628205 /* EmojiBook Intent */;
			targetProxy = CEF8E94725B672B200628205 /* PBXContainerItemProxy */;
		};
/* End PBXTargetDependency section */

/* Begin XCBuildConfiguration section */
		CEA5C97125B9326A0066FF97 /* Debug */ = {
			isa = XCBuildConfiguration;
			buildSettings = {
				ASSETCATALOG_COMPILER_GLOBAL_ACCENT_COLOR_NAME = AccentColor;
				ASSETCATALOG_COMPILER_WIDGET_BACKGROUND_COLOR_NAME = WidgetBackground;
				CODE_SIGN_STYLE = Automatic;
				INFOPLIST_FILE = MyWidgets/Info.plist;
				LD_RUNPATH_SEARCH_PATHS = (
					"$(inherited)",
					"@executable_path/Frameworks",
					"@executable_path/../../Frameworks",
				);
				PRODUCT_BUNDLE_IDENTIFIER = com.hungclo.tw.WidgetSample.MyWidgets;
				PRODUCT_NAME = "$(TARGET_NAME)";
				SKIP_INSTALL = YES;
				SWIFT_VERSION = 5.0;
				TARGETED_DEVICE_FAMILY = "1,2";
			};
			name = Debug;
		};
		CEA5C97225B9326A0066FF97 /* Release */ = {
			isa = XCBuildConfiguration;
			buildSettings = {
				ASSETCATALOG_COMPILER_GLOBAL_ACCENT_COLOR_NAME = AccentColor;
				ASSETCATALOG_COMPILER_WIDGET_BACKGROUND_COLOR_NAME = WidgetBackground;
				CODE_SIGN_STYLE = Automatic;
				INFOPLIST_FILE = MyWidgets/Info.plist;
				LD_RUNPATH_SEARCH_PATHS = (
					"$(inherited)",
					"@executable_path/Frameworks",
					"@executable_path/../../Frameworks",
				);
				PRODUCT_BUNDLE_IDENTIFIER = com.hungclo.tw.WidgetSample.MyWidgets;
				PRODUCT_NAME = "$(TARGET_NAME)";
				SKIP_INSTALL = YES;
				SWIFT_VERSION = 5.0;
				TARGETED_DEVICE_FAMILY = "1,2";
			};
			name = Release;
		};
		CEC276AB25B50BB0006B6CA3 /* Debug */ = {
			isa = XCBuildConfiguration;
			buildSettings = {
				ALWAYS_SEARCH_USER_PATHS = NO;
				CLANG_ANALYZER_NONNULL = YES;
				CLANG_ANALYZER_NUMBER_OBJECT_CONVERSION = YES_AGGRESSIVE;
				CLANG_CXX_LANGUAGE_STANDARD = "gnu++14";
				CLANG_CXX_LIBRARY = "libc++";
				CLANG_ENABLE_MODULES = YES;
				CLANG_ENABLE_OBJC_ARC = YES;
				CLANG_ENABLE_OBJC_WEAK = YES;
				CLANG_WARN_BLOCK_CAPTURE_AUTORELEASING = YES;
				CLANG_WARN_BOOL_CONVERSION = YES;
				CLANG_WARN_COMMA = YES;
				CLANG_WARN_CONSTANT_CONVERSION = YES;
				CLANG_WARN_DEPRECATED_OBJC_IMPLEMENTATIONS = YES;
				CLANG_WARN_DIRECT_OBJC_ISA_USAGE = YES_ERROR;
				CLANG_WARN_DOCUMENTATION_COMMENTS = YES;
				CLANG_WARN_EMPTY_BODY = YES;
				CLANG_WARN_ENUM_CONVERSION = YES;
				CLANG_WARN_INFINITE_RECURSION = YES;
				CLANG_WARN_INT_CONVERSION = YES;
				CLANG_WARN_NON_LITERAL_NULL_CONVERSION = YES;
				CLANG_WARN_OBJC_IMPLICIT_RETAIN_SELF = YES;
				CLANG_WARN_OBJC_LITERAL_CONVERSION = YES;
				CLANG_WARN_OBJC_ROOT_CLASS = YES_ERROR;
				CLANG_WARN_QUOTED_INCLUDE_IN_FRAMEWORK_HEADER = YES;
				CLANG_WARN_RANGE_LOOP_ANALYSIS = YES;
				CLANG_WARN_STRICT_PROTOTYPES = YES;
				CLANG_WARN_SUSPICIOUS_MOVE = YES;
				CLANG_WARN_UNGUARDED_AVAILABILITY = YES_AGGRESSIVE;
				CLANG_WARN_UNREACHABLE_CODE = YES;
				CLANG_WARN__DUPLICATE_METHOD_MATCH = YES;
				COPY_PHASE_STRIP = NO;
				DEBUG_INFORMATION_FORMAT = dwarf;
				ENABLE_STRICT_OBJC_MSGSEND = YES;
				ENABLE_TESTABILITY = YES;
				GCC_C_LANGUAGE_STANDARD = gnu11;
				GCC_DYNAMIC_NO_PIC = NO;
				GCC_NO_COMMON_BLOCKS = YES;
				GCC_OPTIMIZATION_LEVEL = 0;
				GCC_PREPROCESSOR_DEFINITIONS = (
					"DEBUG=1",
					"$(inherited)",
				);
				GCC_WARN_64_TO_32_BIT_CONVERSION = YES;
				GCC_WARN_ABOUT_RETURN_TYPE = YES_ERROR;
				GCC_WARN_UNDECLARED_SELECTOR = YES;
				GCC_WARN_UNINITIALIZED_AUTOS = YES_AGGRESSIVE;
				GCC_WARN_UNUSED_FUNCTION = YES;
				GCC_WARN_UNUSED_VARIABLE = YES;
				IPHONEOS_DEPLOYMENT_TARGET = 14.2;
				MTL_ENABLE_DEBUG_INFO = INCLUDE_SOURCE;
				MTL_FAST_MATH = YES;
				ONLY_ACTIVE_ARCH = YES;
				SDKROOT = iphoneos;
				SWIFT_ACTIVE_COMPILATION_CONDITIONS = DEBUG;
				SWIFT_OPTIMIZATION_LEVEL = "-Onone";
			};
			name = Debug;
		};
		CEC276AC25B50BB0006B6CA3 /* Release */ = {
			isa = XCBuildConfiguration;
			buildSettings = {
				ALWAYS_SEARCH_USER_PATHS = NO;
				CLANG_ANALYZER_NONNULL = YES;
				CLANG_ANALYZER_NUMBER_OBJECT_CONVERSION = YES_AGGRESSIVE;
				CLANG_CXX_LANGUAGE_STANDARD = "gnu++14";
				CLANG_CXX_LIBRARY = "libc++";
				CLANG_ENABLE_MODULES = YES;
				CLANG_ENABLE_OBJC_ARC = YES;
				CLANG_ENABLE_OBJC_WEAK = YES;
				CLANG_WARN_BLOCK_CAPTURE_AUTORELEASING = YES;
				CLANG_WARN_BOOL_CONVERSION = YES;
				CLANG_WARN_COMMA = YES;
				CLANG_WARN_CONSTANT_CONVERSION = YES;
				CLANG_WARN_DEPRECATED_OBJC_IMPLEMENTATIONS = YES;
				CLANG_WARN_DIRECT_OBJC_ISA_USAGE = YES_ERROR;
				CLANG_WARN_DOCUMENTATION_COMMENTS = YES;
				CLANG_WARN_EMPTY_BODY = YES;
				CLANG_WARN_ENUM_CONVERSION = YES;
				CLANG_WARN_INFINITE_RECURSION = YES;
				CLANG_WARN_INT_CONVERSION = YES;
				CLANG_WARN_NON_LITERAL_NULL_CONVERSION = YES;
				CLANG_WARN_OBJC_IMPLICIT_RETAIN_SELF = YES;
				CLANG_WARN_OBJC_LITERAL_CONVERSION = YES;
				CLANG_WARN_OBJC_ROOT_CLASS = YES_ERROR;
				CLANG_WARN_QUOTED_INCLUDE_IN_FRAMEWORK_HEADER = YES;
				CLANG_WARN_RANGE_LOOP_ANALYSIS = YES;
				CLANG_WARN_STRICT_PROTOTYPES = YES;
				CLANG_WARN_SUSPICIOUS_MOVE = YES;
				CLANG_WARN_UNGUARDED_AVAILABILITY = YES_AGGRESSIVE;
				CLANG_WARN_UNREACHABLE_CODE = YES;
				CLANG_WARN__DUPLICATE_METHOD_MATCH = YES;
				COPY_PHASE_STRIP = NO;
				DEBUG_INFORMATION_FORMAT = "dwarf-with-dsym";
				ENABLE_NS_ASSERTIONS = NO;
				ENABLE_STRICT_OBJC_MSGSEND = YES;
				GCC_C_LANGUAGE_STANDARD = gnu11;
				GCC_NO_COMMON_BLOCKS = YES;
				GCC_WARN_64_TO_32_BIT_CONVERSION = YES;
				GCC_WARN_ABOUT_RETURN_TYPE = YES_ERROR;
				GCC_WARN_UNDECLARED_SELECTOR = YES;
				GCC_WARN_UNINITIALIZED_AUTOS = YES_AGGRESSIVE;
				GCC_WARN_UNUSED_FUNCTION = YES;
				GCC_WARN_UNUSED_VARIABLE = YES;
				IPHONEOS_DEPLOYMENT_TARGET = 14.2;
				MTL_ENABLE_DEBUG_INFO = NO;
				MTL_FAST_MATH = YES;
				SDKROOT = iphoneos;
				SWIFT_COMPILATION_MODE = wholemodule;
				SWIFT_OPTIMIZATION_LEVEL = "-O";
				VALIDATE_PRODUCT = YES;
			};
			name = Release;
		};
		CEC276AE25B50BB0006B6CA3 /* Debug */ = {
			isa = XCBuildConfiguration;
			buildSettings = {
				ALWAYS_EMBED_SWIFT_STANDARD_LIBRARIES = YES;
				ASSETCATALOG_COMPILER_APPICON_NAME = AppIcon;
				ASSETCATALOG_COMPILER_GLOBAL_ACCENT_COLOR_NAME = AccentColor;
				CODE_SIGN_STYLE = Automatic;
				DEVELOPMENT_ASSET_PATHS = "\"WidgetSample/Preview Content\"";
				ENABLE_PREVIEWS = YES;
				INFOPLIST_FILE = WidgetSample/Info.plist;
				IPHONEOS_DEPLOYMENT_TARGET = 14.0;
				LD_RUNPATH_SEARCH_PATHS = (
					"$(inherited)",
					"@executable_path/Frameworks",
				);
				PRODUCT_BUNDLE_IDENTIFIER = com.hungclo.tw.WidgetSample;
				PRODUCT_NAME = "$(TARGET_NAME)";
				SWIFT_VERSION = 5.0;
				TARGETED_DEVICE_FAMILY = "1,2";
			};
			name = Debug;
		};
		CEC276AF25B50BB0006B6CA3 /* Release */ = {
			isa = XCBuildConfiguration;
			buildSettings = {
				ALWAYS_EMBED_SWIFT_STANDARD_LIBRARIES = YES;
				ASSETCATALOG_COMPILER_APPICON_NAME = AppIcon;
				ASSETCATALOG_COMPILER_GLOBAL_ACCENT_COLOR_NAME = AccentColor;
				CODE_SIGN_STYLE = Automatic;
				DEVELOPMENT_ASSET_PATHS = "\"WidgetSample/Preview Content\"";
				ENABLE_PREVIEWS = YES;
				INFOPLIST_FILE = WidgetSample/Info.plist;
				IPHONEOS_DEPLOYMENT_TARGET = 14.0;
				LD_RUNPATH_SEARCH_PATHS = (
					"$(inherited)",
					"@executable_path/Frameworks",
				);
				PRODUCT_BUNDLE_IDENTIFIER = com.hungclo.tw.WidgetSample;
				PRODUCT_NAME = "$(TARGET_NAME)";
				SWIFT_VERSION = 5.0;
				TARGETED_DEVICE_FAMILY = "1,2";
			};
			name = Release;
		};
		CEF8E94B25B672B200628205 /* Debug */ = {
			isa = XCBuildConfiguration;
			buildSettings = {
				CODE_SIGN_STYLE = Automatic;
				INFOPLIST_FILE = "EmojiBook Intent/Info.plist";
				LD_RUNPATH_SEARCH_PATHS = (
					"$(inherited)",
					"@executable_path/Frameworks",
					"@executable_path/../../Frameworks",
				);
				PRODUCT_BUNDLE_IDENTIFIER = "com.hungclo.tw.WidgetSample.EmojiBook-Intent";
				PRODUCT_NAME = "$(TARGET_NAME)";
				SKIP_INSTALL = YES;
				SWIFT_VERSION = 5.0;
				TARGETED_DEVICE_FAMILY = "1,2";
			};
			name = Debug;
		};
		CEF8E94C25B672B200628205 /* Release */ = {
			isa = XCBuildConfiguration;
			buildSettings = {
				CODE_SIGN_STYLE = Automatic;
				INFOPLIST_FILE = "EmojiBook Intent/Info.plist";
				LD_RUNPATH_SEARCH_PATHS = (
					"$(inherited)",
					"@executable_path/Frameworks",
					"@executable_path/../../Frameworks",
				);
				PRODUCT_BUNDLE_IDENTIFIER = "com.hungclo.tw.WidgetSample.EmojiBook-Intent";
				PRODUCT_NAME = "$(TARGET_NAME)";
				SKIP_INSTALL = YES;
				SWIFT_VERSION = 5.0;
				TARGETED_DEVICE_FAMILY = "1,2";
			};
			name = Release;
		};
/* End XCBuildConfiguration section */

/* Begin XCConfigurationList section */
		CEA5C97325B9326A0066FF97 /* Build configuration list for PBXNativeTarget "MyWidgetsExtension" */ = {
			isa = XCConfigurationList;
			buildConfigurations = (
				CEA5C97125B9326A0066FF97 /* Debug */,
				CEA5C97225B9326A0066FF97 /* Release */,
			);
			defaultConfigurationIsVisible = 0;
			defaultConfigurationName = Release;
		};
		CEC2768325B50BAF006B6CA3 /* Build configuration list for PBXProject "WidgetSample" */ = {
			isa = XCConfigurationList;
			buildConfigurations = (
				CEC276AB25B50BB0006B6CA3 /* Debug */,
				CEC276AC25B50BB0006B6CA3 /* Release */,
			);
			defaultConfigurationIsVisible = 0;
			defaultConfigurationName = Release;
		};
		CEC276AD25B50BB0006B6CA3 /* Build configuration list for PBXNativeTarget "WidgetSample" */ = {
			isa = XCConfigurationList;
			buildConfigurations = (
				CEC276AE25B50BB0006B6CA3 /* Debug */,
				CEC276AF25B50BB0006B6CA3 /* Release */,
			);
			defaultConfigurationIsVisible = 0;
			defaultConfigurationName = Release;
		};
		CEF8E94A25B672B200628205 /* Build configuration list for PBXNativeTarget "EmojiBook Intent" */ = {
			isa = XCConfigurationList;
			buildConfigurations = (
				CEF8E94B25B672B200628205 /* Debug */,
				CEF8E94C25B672B200628205 /* Release */,
			);
			defaultConfigurationIsVisible = 0;
			defaultConfigurationName = Release;
		};
/* End XCConfigurationList section */
	};
	rootObject = CEC2768025B50BAF006B6CA3 /* Project object */;
}
